{
  "nodes": {
    "emacs-vterm-src": {
      "flake": false,
      "locked": {
        "lastModified": 1675064717,
        "narHash": "sha256-QOFYu6fknL01KDvgvXpD/JMcbI6IGsHITFKXHZ+jGxA=",
        "owner": "akermu",
        "repo": "emacs-libvterm",
        "rev": "990cc18decb489c54d16d03fd8acbfe268b98a9c",
        "type": "github"
      },
      "original": {
        "owner": "akermu",
        "repo": "emacs-libvterm",
        "type": "github"
      }
    },
    "emacs29-src": {
      "flake": false,
      "locked": {
        "lastModified": 1676260187,
        "narHash": "sha256-3K4bxeW6ci8o4QdSRVyXn3BnsfdMD0LzNf60KKlzM/s=",
        "owner": "emacs-mirror",
        "repo": "emacs",
        "rev": "f2114e8d89feed154a1c523c925ff2fb9fa9ba9a",
        "type": "github"
      },
      "original": {
        "owner": "emacs-mirror",
        "ref": "emacs-29",
        "repo": "emacs",
        "type": "github"
      }
    },
    "nixpkgs": {
      "locked": {
        "lastModified": 1676110339,
        "narHash": "sha256-kOS/L8OOL2odpCOM11IevfHxcUeE0vnZUQ74EOiwXcs=",
        "owner": "NixOS",
        "repo": "nixpkgs",
        "rev": "e5530aba13caff5a4f41713f1265b754dc2abfd8",
        "type": "github"
      },
      "original": {
        "owner": "NixOS",
        "ref": "nixos-unstable",
        "repo": "nixpkgs",
        "type": "github"
      }
    },
    "root": {
      "inputs": {
        "emacs-vterm-src": "emacs-vterm-src",
        "emacs29-src": "emacs29-src",
        "nixpkgs": "nixpkgs"
      }
    }
  },
  "root": "root",
  "version": 7
}
