{
  "nodes": {
    "emacs-vterm-src": {
      "flake": false,
      "locked": {
        "lastModified": 1675064717,
        "narHash": "sha256-QOFYu6fknL01KDvgvXpD/JMcbI6IGsHITFKXHZ+jGxA=",
        "owner": "akermu",
        "repo": "emacs-libvterm",
        "rev": "990cc18decb489c54d16d03fd8acbfe268b98a9c",
        "type": "github"
      },
      "original": {
        "owner": "akermu",
        "repo": "emacs-libvterm",
        "type": "github"
      }
    },
    "emacs29-src": {
      "flake": false,
      "locked": {
        "lastModified": 1676411698,
        "narHash": "sha256-yDiWMhclvu3FtCTld9w9pnXOwtxccD1g1HrnQbqhIGA=",
        "owner": "emacs-mirror",
        "repo": "emacs",
        "rev": "a3a1ef7bd5eb7a3b74b0fd80ce78ef234c25f573",
        "type": "github"
      },
      "original": {
        "owner": "emacs-mirror",
        "ref": "emacs-29",
        "repo": "emacs",
        "type": "github"
      }
    },
    "emacs30-src": {
      "flake": false,
      "locked": {
        "lastModified": 1676403768,
        "narHash": "sha256-3CSrgSN9wG68MnX5/5CPODyiEP3QmWGm0xIIkm7mPhk=",
        "owner": "emacs-mirror",
        "repo": "emacs",
        "rev": "af94369f90a5d3ad44dcc80d205665ccb2d41995",
        "type": "github"
      },
      "original": {
        "owner": "emacs-mirror",
        "ref": "master",
        "repo": "emacs",
        "type": "github"
      }
    },
    "nixpkgs": {
      "locked": {
        "lastModified": 1676300157,
        "narHash": "sha256-1HjRzfp6LOLfcj/HJHdVKWAkX9QRAouoh6AjzJiIerU=",
        "owner": "NixOS",
        "repo": "nixpkgs",
        "rev": "545c7a31e5dedea4a6d372712a18e00ce097d462",
        "type": "github"
      },
      "original": {
        "owner": "NixOS",
        "ref": "nixos-unstable",
        "repo": "nixpkgs",
        "type": "github"
      }
    },
    "root": {
      "inputs": {
        "emacs-vterm-src": "emacs-vterm-src",
        "emacs29-src": "emacs29-src",
        "emacs30-src": "emacs30-src",
        "nixpkgs": "nixpkgs"
      }
    }
  },
  "root": "root",
  "version": 7
}
